// !$*UTF8*$!
{
	archiveVersion = 1;
	classes = {
	};
	objectVersion = 56;
	objects = {

/* Begin PBXBuildFile section */
		E530CC462A779E8800FA2ACC /* landmarkData.json in Resources */ = {isa = PBXBuildFile; fileRef = E530CC452A779E8800FA2ACC /* landmarkData.json */; };
		E530CC4D2A779F6E00FA2ACC /* Landmark.swift in Sources */ = {isa = PBXBuildFile; fileRef = E530CC4C2A779F6E00FA2ACC /* Landmark.swift */; };
		E530CC502A77A26200FA2ACC /* ModelData.swift in Sources */ = {isa = PBXBuildFile; fileRef = E530CC4F2A77A26200FA2ACC /* ModelData.swift */; };
		E530CC522A77AB6000FA2ACC /* LandmarkRow.swift in Sources */ = {isa = PBXBuildFile; fileRef = E530CC512A77AB6000FA2ACC /* LandmarkRow.swift */; };
		E530CC542A77AD4200FA2ACC /* LandmarkList.swift in Sources */ = {isa = PBXBuildFile; fileRef = E530CC532A77AD4200FA2ACC /* LandmarkList.swift */; };
		E530CC562A77AFB600FA2ACC /* LandmarkDetail.swift in Sources */ = {isa = PBXBuildFile; fileRef = E530CC552A77AFB600FA2ACC /* LandmarkDetail.swift */; };
		E536BDD82A790E980070582C /* FavoriteButton.swift in Sources */ = {isa = PBXBuildFile; fileRef = E536BDD72A790E980070582C /* FavoriteButton.swift */; };
		E559E2912A7C0B7200637C56 /* CategoryHome.swift in Sources */ = {isa = PBXBuildFile; fileRef = E559E2902A7C0B7200637C56 /* CategoryHome.swift */; };
		E5D1A6682A7D39CA00A3420A /* CategoryRow.swift in Sources */ = {isa = PBXBuildFile; fileRef = E5D1A6672A7D39CA00A3420A /* CategoryRow.swift */; };
		E5D1A66A2A7D3C6500A3420A /* CategoryItem.swift in Sources */ = {isa = PBXBuildFile; fileRef = E5D1A6692A7D3C6500A3420A /* CategoryItem.swift */; };
		E5EBA4DD2A76A385008C629A /* LandmarksApp.swift in Sources */ = {isa = PBXBuildFile; fileRef = E5EBA4DC2A76A385008C629A /* LandmarksApp.swift */; };
		E5EBA4DF2A76A385008C629A /* ContentView.swift in Sources */ = {isa = PBXBuildFile; fileRef = E5EBA4DE2A76A385008C629A /* ContentView.swift */; };
		E5EBA4E12A76A387008C629A /* Assets.xcassets in Resources */ = {isa = PBXBuildFile; fileRef = E5EBA4E02A76A387008C629A /* Assets.xcassets */; };
		E5EBA4E42A76A387008C629A /* Preview Assets.xcassets in Resources */ = {isa = PBXBuildFile; fileRef = E5EBA4E32A76A387008C629A /* Preview Assets.xcassets */; };
		E5EBA4EB2A7794E0008C629A /* CircleImage.swift in Sources */ = {isa = PBXBuildFile; fileRef = E5EBA4EA2A7794E0008C629A /* CircleImage.swift */; };
		E5EBA4EF2A7796F4008C629A /* MapView.swift in Sources */ = {isa = PBXBuildFile; fileRef = E5EBA4EE2A7796F4008C629A /* MapView.swift */; };
/* End PBXBuildFile section */

/* Begin PBXFileReference section */
		E530CC452A779E8800FA2ACC /* landmarkData.json */ = {isa = PBXFileReference; fileEncoding = 4; lastKnownFileType = text.json; path = landmarkData.json; sourceTree = "<group>"; };
		E530CC4C2A779F6E00FA2ACC /* Landmark.swift */ = {isa = PBXFileReference; lastKnownFileType = sourcecode.swift; path = Landmark.swift; sourceTree = "<group>"; };
		E530CC4F2A77A26200FA2ACC /* ModelData.swift */ = {isa = PBXFileReference; lastKnownFileType = sourcecode.swift; path = ModelData.swift; sourceTree = "<group>"; };
		E530CC512A77AB6000FA2ACC /* LandmarkRow.swift */ = {isa = PBXFileReference; lastKnownFileType = sourcecode.swift; path = LandmarkRow.swift; sourceTree = "<group>"; };
		E530CC532A77AD4200FA2ACC /* LandmarkList.swift */ = {isa = PBXFileReference; lastKnownFileType = sourcecode.swift; path = LandmarkList.swift; sourceTree = "<group>"; };
		E530CC552A77AFB600FA2ACC /* LandmarkDetail.swift */ = {isa = PBXFileReference; lastKnownFileType = sourcecode.swift; path = LandmarkDetail.swift; sourceTree = "<group>"; };
		E536BDD72A790E980070582C /* FavoriteButton.swift */ = {isa = PBXFileReference; lastKnownFileType = sourcecode.swift; path = FavoriteButton.swift; sourceTree = "<group>"; };
		E559E2902A7C0B7200637C56 /* CategoryHome.swift */ = {isa = PBXFileReference; lastKnownFileType = sourcecode.swift; path = CategoryHome.swift; sourceTree = "<group>"; };
		E5D1A6672A7D39CA00A3420A /* CategoryRow.swift */ = {isa = PBXFileReference; lastKnownFileType = sourcecode.swift; path = CategoryRow.swift; sourceTree = "<group>"; };
		E5D1A6692A7D3C6500A3420A /* CategoryItem.swift */ = {isa = PBXFileReference; lastKnownFileType = sourcecode.swift; path = CategoryItem.swift; sourceTree = "<group>"; };
		E5EBA4D92A76A385008C629A /* SwiftUILearning.app */ = {isa = PBXFileReference; explicitFileType = wrapper.application; includeInIndex = 0; path = SwiftUILearning.app; sourceTree = BUILT_PRODUCTS_DIR; };
		E5EBA4DC2A76A385008C629A /* LandmarksApp.swift */ = {isa = PBXFileReference; lastKnownFileType = sourcecode.swift; path = LandmarksApp.swift; sourceTree = "<group>"; };
		E5EBA4DE2A76A385008C629A /* ContentView.swift */ = {isa = PBXFileReference; lastKnownFileType = sourcecode.swift; path = ContentView.swift; sourceTree = "<group>"; };
		E5EBA4E02A76A387008C629A /* Assets.xcassets */ = {isa = PBXFileReference; lastKnownFileType = folder.assetcatalog; path = Assets.xcassets; sourceTree = "<group>"; };
		E5EBA4E32A76A387008C629A /* Preview Assets.xcassets */ = {isa = PBXFileReference; lastKnownFileType = folder.assetcatalog; path = "Preview Assets.xcassets"; sourceTree = "<group>"; };
		E5EBA4EA2A7794E0008C629A /* CircleImage.swift */ = {isa = PBXFileReference; lastKnownFileType = sourcecode.swift; path = CircleImage.swift; sourceTree = "<group>"; };
		E5EBA4EE2A7796F4008C629A /* MapView.swift */ = {isa = PBXFileReference; lastKnownFileType = sourcecode.swift; path = MapView.swift; sourceTree = "<group>"; };
/* End PBXFileReference section */

/* Begin PBXFrameworksBuildPhase section */
		E5EBA4D62A76A385008C629A /* Frameworks */ = {
			isa = PBXFrameworksBuildPhase;
			buildActionMask = 2147483647;
			files = (
			);
			runOnlyForDeploymentPostprocessing = 0;
		};
/* End PBXFrameworksBuildPhase section */

/* Begin PBXGroup section */
		E530CC4A2A779ED100FA2ACC /* Resources */ = {
			isa = PBXGroup;
			children = (
				E5EBA4E02A76A387008C629A /* Assets.xcassets */,
				E530CC452A779E8800FA2ACC /* landmarkData.json */,
			);
			path = Resources;
			sourceTree = "<group>";
		};
		E530CC4B2A779EE600FA2ACC /* Views */ = {
			isa = PBXGroup;
			children = (
				E5EBA4DE2A76A385008C629A /* ContentView.swift */,
				E559E28F2A7C0B4C00637C56 /* Categories */,
				E536BDD92A79100E0070582C /* Landmarks */,
				E536BDDB2A7910200070582C /* Helpers */,
			);
			path = Views;
			sourceTree = "<group>";
		};
		E530CC4E2A779F7700FA2ACC /* Models */ = {
			isa = PBXGroup;
			children = (
				E530CC4C2A779F6E00FA2ACC /* Landmark.swift */,
				E530CC4F2A77A26200FA2ACC /* ModelData.swift */,
			);
			path = Models;
			sourceTree = "<group>";
		};
		E536BDD92A79100E0070582C /* Landmarks */ = {
			isa = PBXGroup;
			children = (
				E530CC552A77AFB600FA2ACC /* LandmarkDetail.swift */,
				E530CC512A77AB6000FA2ACC /* LandmarkRow.swift */,
				E530CC532A77AD4200FA2ACC /* LandmarkList.swift */,
			);
			path = Landmarks;
			sourceTree = "<group>";
		};
		E536BDDB2A7910200070582C /* Helpers */ = {
			isa = PBXGroup;
			children = (
				E5EBA4EE2A7796F4008C629A /* MapView.swift */,
				E5EBA4EA2A7794E0008C629A /* CircleImage.swift */,
				E536BDD72A790E980070582C /* FavoriteButton.swift */,
			);
			path = Helpers;
			sourceTree = "<group>";
		};
		E559E28F2A7C0B4C00637C56 /* Categories */ = {
			isa = PBXGroup;
			children = (
				E559E2902A7C0B7200637C56 /* CategoryHome.swift */,
				E5D1A6672A7D39CA00A3420A /* CategoryRow.swift */,
				E5D1A6692A7D3C6500A3420A /* CategoryItem.swift */,
			);
			path = Categories;
			sourceTree = "<group>";
		};
		E5EBA4D02A76A385008C629A = {
			isa = PBXGroup;
			children = (
				E5EBA4DB2A76A385008C629A /* SwiftUILearning */,
				E5EBA4DA2A76A385008C629A /* Products */,
			);
			sourceTree = "<group>";
		};
		E5EBA4DA2A76A385008C629A /* Products */ = {
			isa = PBXGroup;
			children = (
				E5EBA4D92A76A385008C629A /* SwiftUILearning.app */,
			);
			name = Products;
			sourceTree = "<group>";
		};
		E5EBA4DB2A76A385008C629A /* SwiftUILearning */ = {
			isa = PBXGroup;
			children = (
				E5EBA4DC2A76A385008C629A /* LandmarksApp.swift */,
				E530CC4E2A779F7700FA2ACC /* Models */,
				E530CC4B2A779EE600FA2ACC /* Views */,
				E530CC4A2A779ED100FA2ACC /* Resources */,
				E5EBA4E22A76A387008C629A /* Preview Content */,
			);
			path = SwiftUILearning;
			sourceTree = "<group>";
		};
		E5EBA4E22A76A387008C629A /* Preview Content */ = {
			isa = PBXGroup;
			children = (
				E5EBA4E32A76A387008C629A /* Preview Assets.xcassets */,
			);
			path = "Preview Content";
			sourceTree = "<group>";
		};
/* End PBXGroup section */

/* Begin PBXNativeTarget section */
		E5EBA4D82A76A385008C629A /* SwiftUILearning */ = {
			isa = PBXNativeTarget;
			buildConfigurationList = E5EBA4E72A76A387008C629A /* Build configuration list for PBXNativeTarget "SwiftUILearning" */;
			buildPhases = (
				E5EBA4D52A76A385008C629A /* Sources */,
				E5EBA4D62A76A385008C629A /* Frameworks */,
				E5EBA4D72A76A385008C629A /* Resources */,
			);
			buildRules = (
			);
			dependencies = (
			);
			name = SwiftUILearning;
			productName = SwiftUILearning;
			productReference = E5EBA4D92A76A385008C629A /* SwiftUILearning.app */;
			productType = "com.apple.product-type.application";
		};
/* End PBXNativeTarget section */

/* Begin PBXProject section */
		E5EBA4D12A76A385008C629A /* Project object */ = {
			isa = PBXProject;
			attributes = {
				BuildIndependentTargetsInParallel = 1;
				LastSwiftUpdateCheck = 1430;
				LastUpgradeCheck = 1430;
				TargetAttributes = {
					E5EBA4D82A76A385008C629A = {
						CreatedOnToolsVersion = 14.3.1;
					};
				};
			};
			buildConfigurationList = E5EBA4D42A76A385008C629A /* Build configuration list for PBXProject "SwiftUILearning" */;
			compatibilityVersion = "Xcode 14.0";
			developmentRegion = en;
			hasScannedForEncodings = 0;
			knownRegions = (
				en,
				Base,
			);
			mainGroup = E5EBA4D02A76A385008C629A;
			productRefGroup = E5EBA4DA2A76A385008C629A /* Products */;
			projectDirPath = "";
			projectRoot = "";
			targets = (
				E5EBA4D82A76A385008C629A /* SwiftUILearning */,
			);
		};
/* End PBXProject section */

/* Begin PBXResourcesBuildPhase section */
		E5EBA4D72A76A385008C629A /* Resources */ = {
			isa = PBXResourcesBuildPhase;
			buildActionMask = 2147483647;
			files = (
				E5EBA4E42A76A387008C629A /* Preview Assets.xcassets in Resources */,
				E5EBA4E12A76A387008C629A /* Assets.xcassets in Resources */,
				E530CC462A779E8800FA2ACC /* landmarkData.json in Resources */,
			);
			runOnlyForDeploymentPostprocessing = 0;
		};
/* End PBXResourcesBuildPhase section */

/* Begin PBXSourcesBuildPhase section */
		E5EBA4D52A76A385008C629A /* Sources */ = {
			isa = PBXSourcesBuildPhase;
			buildActionMask = 2147483647;
			files = (
				E5EBA4DF2A76A385008C629A /* ContentView.swift in Sources */,
				E5EBA4EF2A7796F4008C629A /* MapView.swift in Sources */,
				E530CC4D2A779F6E00FA2ACC /* Landmark.swift in Sources */,
				E536BDD82A790E980070582C /* FavoriteButton.swift in Sources */,
				E559E2912A7C0B7200637C56 /* CategoryHome.swift in Sources */,
				E530CC542A77AD4200FA2ACC /* LandmarkList.swift in Sources */,
				E530CC562A77AFB600FA2ACC /* LandmarkDetail.swift in Sources */,
				E5EBA4DD2A76A385008C629A /* LandmarksApp.swift in Sources */,
				E5D1A66A2A7D3C6500A3420A /* CategoryItem.swift in Sources */,
				E5EBA4EB2A7794E0008C629A /* CircleImage.swift in Sources */,
				E530CC522A77AB6000FA2ACC /* LandmarkRow.swift in Sources */,
				E5D1A6682A7D39CA00A3420A /* CategoryRow.swift in Sources */,
				E530CC502A77A26200FA2ACC /* ModelData.swift in Sources */,
			);
			runOnlyForDeploymentPostprocessing = 0;
		};
/* End PBXSourcesBuildPhase section */

/* Begin XCBuildConfiguration section */
		E5EBA4E52A76A387008C629A /* Debug */ = {
			isa = XCBuildConfiguration;
			buildSettings = {
				ALWAYS_SEARCH_USER_PATHS = NO;
				CLANG_ANALYZER_NONNULL = YES;
				CLANG_ANALYZER_NUMBER_OBJECT_CONVERSION = YES_AGGRESSIVE;
				CLANG_CXX_LANGUAGE_STANDARD = "gnu++20";
				CLANG_ENABLE_MODULES = YES;
				CLANG_ENABLE_OBJC_ARC = YES;
				CLANG_ENABLE_OBJC_WEAK = YES;
				CLANG_WARN_BLOCK_CAPTURE_AUTORELEASING = YES;
				CLANG_WARN_BOOL_CONVERSION = YES;
				CLANG_WARN_COMMA = YES;
				CLANG_WARN_CONSTANT_CONVERSION = YES;
				CLANG_WARN_DEPRECATED_OBJC_IMPLEMENTATIONS = YES;
				CLANG_WARN_DIRECT_OBJC_ISA_USAGE = YES_ERROR;
				CLANG_WARN_DOCUMENTATION_COMMENTS = YES;
				CLANG_WARN_EMPTY_BODY = YES;
				CLANG_WARN_ENUM_CONVERSION = YES;
				CLANG_WARN_INFINITE_RECURSION = YES;
				CLANG_WARN_INT_CONVERSION = YES;
				CLANG_WARN_NON_LITERAL_NULL_CONVERSION = YES;
				CLANG_WARN_OBJC_IMPLICIT_RETAIN_SELF = YES;
				CLANG_WARN_OBJC_LITERAL_CONVERSION = YES;
				CLANG_WARN_OBJC_ROOT_CLASS = YES_ERROR;
				CLANG_WARN_QUOTED_INCLUDE_IN_FRAMEWORK_HEADER = YES;
				CLANG_WARN_RANGE_LOOP_ANALYSIS = YES;
				CLANG_WARN_STRICT_PROTOTYPES = YES;
				CLANG_WARN_SUSPICIOUS_MOVE = YES;
				CLANG_WARN_UNGUARDED_AVAILABILITY = YES_AGGRESSIVE;
				CLANG_WARN_UNREACHABLE_CODE = YES;
				CLANG_WARN__DUPLICATE_METHOD_MATCH = YES;
				COPY_PHASE_STRIP = NO;
				DEBUG_INFORMATION_FORMAT = dwarf;
				ENABLE_STRICT_OBJC_MSGSEND = YES;
				ENABLE_TESTABILITY = YES;
				GCC_C_LANGUAGE_STANDARD = gnu11;
				GCC_DYNAMIC_NO_PIC = NO;
				GCC_NO_COMMON_BLOCKS = YES;
				GCC_OPTIMIZATION_LEVEL = 0;
				GCC_PREPROCESSOR_DEFINITIONS = (
					"DEBUG=1",
					"$(inherited)",
				);
				GCC_WARN_64_TO_32_BIT_CONVERSION = YES;
				GCC_WARN_ABOUT_RETURN_TYPE = YES_ERROR;
				GCC_WARN_UNDECLARED_SELECTOR = YES;
				GCC_WARN_UNINITIALIZED_AUTOS = YES_AGGRESSIVE;
				GCC_WARN_UNUSED_FUNCTION = YES;
				GCC_WARN_UNUSED_VARIABLE = YES;
				IPHONEOS_DEPLOYMENT_TARGET = 16.4;
				MTL_ENABLE_DEBUG_INFO = INCLUDE_SOURCE;
				MTL_FAST_MATH = YES;
				ONLY_ACTIVE_ARCH = YES;
				SDKROOT = iphoneos;
				SWIFT_ACTIVE_COMPILATION_CONDITIONS = DEBUG;
				SWIFT_OPTIMIZATION_LEVEL = "-Onone";
			};
			name = Debug;
		};
		E5EBA4E62A76A387008C629A /* Release */ = {
			isa = XCBuildConfiguration;
			buildSettings = {
				ALWAYS_SEARCH_USER_PATHS = NO;
				CLANG_ANALYZER_NONNULL = YES;
				CLANG_ANALYZER_NUMBER_OBJECT_CONVERSION = YES_AGGRESSIVE;
				CLANG_CXX_LANGUAGE_STANDARD = "gnu++20";
				CLANG_ENABLE_MODULES = YES;
				CLANG_ENABLE_OBJC_ARC = YES;
				CLANG_ENABLE_OBJC_WEAK = YES;
				CLANG_WARN_BLOCK_CAPTURE_AUTORELEASING = YES;
				CLANG_WARN_BOOL_CONVERSION = YES;
				CLANG_WARN_COMMA = YES;
				CLANG_WARN_CONSTANT_CONVERSION = YES;
				CLANG_WARN_DEPRECATED_OBJC_IMPLEMENTATIONS = YES;
				CLANG_WARN_DIRECT_OBJC_ISA_USAGE = YES_ERROR;
				CLANG_WARN_DOCUMENTATION_COMMENTS = YES;
				CLANG_WARN_EMPTY_BODY = YES;
				CLANG_WARN_ENUM_CONVERSION = YES;
				CLANG_WARN_INFINITE_RECURSION = YES;
				CLANG_WARN_INT_CONVERSION = YES;
				CLANG_WARN_NON_LITERAL_NULL_CONVERSION = YES;
				CLANG_WARN_OBJC_IMPLICIT_RETAIN_SELF = YES;
				CLANG_WARN_OBJC_LITERAL_CONVERSION = YES;
				CLANG_WARN_OBJC_ROOT_CLASS = YES_ERROR;
				CLANG_WARN_QUOTED_INCLUDE_IN_FRAMEWORK_HEADER = YES;
				CLANG_WARN_RANGE_LOOP_ANALYSIS = YES;
				CLANG_WARN_STRICT_PROTOTYPES = YES;
				CLANG_WARN_SUSPICIOUS_MOVE = YES;
				CLANG_WARN_UNGUARDED_AVAILABILITY = YES_AGGRESSIVE;
				CLANG_WARN_UNREACHABLE_CODE = YES;
				CLANG_WARN__DUPLICATE_METHOD_MATCH = YES;
				COPY_PHASE_STRIP = NO;
				DEBUG_INFORMATION_FORMAT = "dwarf-with-dsym";
				ENABLE_NS_ASSERTIONS = NO;
				ENABLE_STRICT_OBJC_MSGSEND = YES;
				GCC_C_LANGUAGE_STANDARD = gnu11;
				GCC_NO_COMMON_BLOCKS = YES;
				GCC_WARN_64_TO_32_BIT_CONVERSION = YES;
				GCC_WARN_ABOUT_RETURN_TYPE = YES_ERROR;
				GCC_WARN_UNDECLARED_SELECTOR = YES;
				GCC_WARN_UNINITIALIZED_AUTOS = YES_AGGRESSIVE;
				GCC_WARN_UNUSED_FUNCTION = YES;
				GCC_WARN_UNUSED_VARIABLE = YES;
				IPHONEOS_DEPLOYMENT_TARGET = 16.4;
				MTL_ENABLE_DEBUG_INFO = NO;
				MTL_FAST_MATH = YES;
				SDKROOT = iphoneos;
				SWIFT_COMPILATION_MODE = wholemodule;
				SWIFT_OPTIMIZATION_LEVEL = "-O";
				VALIDATE_PRODUCT = YES;
			};
			name = Release;
		};
		E5EBA4E82A76A387008C629A /* Debug */ = {
			isa = XCBuildConfiguration;
			buildSettings = {
				ASSETCATALOG_COMPILER_APPICON_NAME = AppIcon;
				ASSETCATALOG_COMPILER_GLOBAL_ACCENT_COLOR_NAME = AccentColor;
				CODE_SIGN_STYLE = Automatic;
				CURRENT_PROJECT_VERSION = 1;
				DEVELOPMENT_ASSET_PATHS = "\"SwiftUILearning/Preview Content\"";
				DEVELOPMENT_TEAM = 3RMT2463FA;
				ENABLE_PREVIEWS = YES;
				GENERATE_INFOPLIST_FILE = YES;
				INFOPLIST_KEY_UIApplicationSceneManifest_Generation = YES;
				INFOPLIST_KEY_UIApplicationSupportsIndirectInputEvents = YES;
				INFOPLIST_KEY_UILaunchScreen_Generation = YES;
				INFOPLIST_KEY_UISupportedInterfaceOrientations_iPad = "UIInterfaceOrientationPortrait UIInterfaceOrientationPortraitUpsideDown UIInterfaceOrientationLandscapeLeft UIInterfaceOrientationLandscapeRight";
				INFOPLIST_KEY_UISupportedInterfaceOrientations_iPhone = "UIInterfaceOrientationPortrait UIInterfaceOrientationLandscapeLeft UIInterfaceOrientationLandscapeRight";
				LD_RUNPATH_SEARCH_PATHS = (
					"$(inherited)",
					"@executable_path/Frameworks",
				);
				MARKETING_VERSION = 1.0;
				PRODUCT_BUNDLE_IDENTIFIER = amrelfiqi.SwiftUILearning;
				PRODUCT_NAME = "$(TARGET_NAME)";
				SWIFT_EMIT_LOC_STRINGS = YES;
				SWIFT_VERSION = 5.0;
				TARGETED_DEVICE_FAMILY = "1,2";
			};
			name = Debug;
		};
		E5EBA4E92A76A387008C629A /* Release */ = {
			isa = XCBuildConfiguration;
			buildSettings = {
				ASSETCATALOG_COMPILER_APPICON_NAME = AppIcon;
				ASSETCATALOG_COMPILER_GLOBAL_ACCENT_COLOR_NAME = AccentColor;
				CODE_SIGN_STYLE = Automatic;
				CURRENT_PROJECT_VERSION = 1;
				DEVELOPMENT_ASSET_PATHS = "\"SwiftUILearning/Preview Content\"";
				DEVELOPMENT_TEAM = 3RMT2463FA;
				ENABLE_PREVIEWS = YES;
				GENERATE_INFOPLIST_FILE = YES;
				INFOPLIST_KEY_UIApplicationSceneManifest_Generation = YES;
				INFOPLIST_KEY_UIApplicationSupportsIndirectInputEvents = YES;
				INFOPLIST_KEY_UILaunchScreen_Generation = YES;
				INFOPLIST_KEY_UISupportedInterfaceOrientations_iPad = "UIInterfaceOrientationPortrait UIInterfaceOrientationPortraitUpsideDown UIInterfaceOrientationLandscapeLeft UIInterfaceOrientationLandscapeRight";
				INFOPLIST_KEY_UISupportedInterfaceOrientations_iPhone = "UIInterfaceOrientationPortrait UIInterfaceOrientationLandscapeLeft UIInterfaceOrientationLandscapeRight";
				LD_RUNPATH_SEARCH_PATHS = (
					"$(inherited)",
					"@executable_path/Frameworks",
				);
				MARKETING_VERSION = 1.0;
				PRODUCT_BUNDLE_IDENTIFIER = amrelfiqi.SwiftUILearning;
				PRODUCT_NAME = "$(TARGET_NAME)";
				SWIFT_EMIT_LOC_STRINGS = YES;
				SWIFT_VERSION = 5.0;
				TARGETED_DEVICE_FAMILY = "1,2";
			};
			name = Release;
		};
/* End XCBuildConfiguration section */

/* Begin XCConfigurationList section */
		E5EBA4D42A76A385008C629A /* Build configuration list for PBXProject "SwiftUILearning" */ = {
			isa = XCConfigurationList;
			buildConfigurations = (
				E5EBA4E52A76A387008C629A /* Debug */,
				E5EBA4E62A76A387008C629A /* Release */,
			);
			defaultConfigurationIsVisible = 0;
			defaultConfigurationName = Release;
		};
		E5EBA4E72A76A387008C629A /* Build configuration list for PBXNativeTarget "SwiftUILearning" */ = {
			isa = XCConfigurationList;
			buildConfigurations = (
				E5EBA4E82A76A387008C629A /* Debug */,
				E5EBA4E92A76A387008C629A /* Release */,
			);
			defaultConfigurationIsVisible = 0;
			defaultConfigurationName = Release;
		};
/* End XCConfigurationList section */
	};
	rootObject = E5EBA4D12A76A385008C629A /* Project object */;
}
